
Microsoft Visual Studio Solution File, Format Version 12.00
Project("{FAE04EC0-301F-11D3-BF4B-00C04F79EFBC}") = "WebFrontEnd", "WebFrontEnd\WebFrontEnd.csproj", "{01DA124D-6BB1-4D38-8221-A005EC9F26C7}"
EndProject
Project("{FAE04EC0-301F-11D3-BF4B-00C04F79EFBC}") = "MyWebAPI", "MyWebAPI\MyWebAPI.csproj", "{7EF4B231-7CB6-44E9-B7F0-44DAB0F0DA70}"
EndProject
Global
	GlobalSection(SolutionConfigurationPlatforms) = preSolution
		Debug|Any CPU = Debug|Any CPU
		Release|Any CPU = Release|Any CPU
	EndGlobalSection
	GlobalSection(ProjectConfigurationPlatforms) = postSolution
		{01DA124D-6BB1-4D38-8221-A005EC9F26C7}.Debug|Any CPU.ActiveCfg = Debug|Any CPU
		{01DA124D-6BB1-4D38-8221-A005EC9F26C7}.Debug|Any CPU.Build.0 = Debug|Any CPU
		{01DA124D-6BB1-4D38-8221-A005EC9F26C7}.Release|Any CPU.ActiveCfg = Release|Any CPU
		{01DA124D-6BB1-4D38-8221-A005EC9F26C7}.Release|Any CPU.Build.0 = Release|Any CPU
		{7EF4B231-7CB6-44E9-B7F0-44DAB0F0DA70}.Debug|Any CPU.ActiveCfg = Debug|Any CPU
		{7EF4B231-7CB6-44E9-B7F0-44DAB0F0DA70}.Debug|Any CPU.Build.0 = Debug|Any CPU
		{7EF4B231-7CB6-44E9-B7F0-44DAB0F0DA70}.Release|Any CPU.ActiveCfg = Release|Any CPU
		{7EF4B231-7CB6-44E9-B7F0-44DAB0F0DA70}.Release|Any CPU.Build.0 = Release|Any CPU
	EndGlobalSection
EndGlobal
